schema: '2.0'
stages:
  data_ingestion:
    cmd: python src/deepClassifier/pipeline/st_01_dataingestion.py
    deps:
    - path: configs/config.yaml
      md5: 8831db18479e29d127241844b228c1ac
      size: 806
    - path: src/deepClassifier/pipeline/st_01_dataingestion.py
      md5: 7ea644fd99ccd515ce4f2eb7fd98a816
      size: 700
    outs:
    - path: artifacts/data_ingestion/PetImages
      md5: 3a5cf86541f22c236620ce5b952ad684.dir
      size: 848866410
      nfiles: 24998
  prepare_base_model:
    cmd: python src/deepClassifier/pipeline/st_02_prepare_base_model.py
    deps:
    - path: configs/config.yaml
      md5: 8831db18479e29d127241844b228c1ac
      size: 806
    - path: src/deepClassifier/pipeline/st_02_prepare_base_model.py
      md5: 2d3e3ea4e6b3b70a34bb9e158e24c2ea
      size: 772
    params:
      params.yaml:
        CLASSES: 2
        IMAGE_SIZE:
        - 224
        - 224
        - 3
        INCLUDE_TOP: false
        LEARNING_RATE: 0.01
        WEIGHTS: imagenet
    outs:
    - path: artifacts/prepare_base_model
      md5: 30b2339c4f5b1b3d9cedcce107a8739f.dir
      size: 118054512
      nfiles: 2
